
Microsoft Visual Studio Solution File, Format Version 12.00
# Visual Studio 15
VisualStudioVersion = 15.0.28010.2019
MinimumVisualStudioVersion = 10.0.40219.1
Project("{FAE04EC0-301F-11D3-BF4B-00C04F79EFBC}") = "OverbookingWeb", "OverbookingWeb\OverbookingWeb.csproj", "{FDBB00DF-4EDB-4D13-9815-CA197D5A3BF0}"
EndProject
Project("{FAE04EC0-301F-11D3-BF4B-00C04F79EFBC}") = "OverbookingWeb.Tests", "OverbookingWeb.Tests\OverbookingWeb.Tests.csproj", "{A33554F2-2279-4B7C-816B-C1D1562B0B0F}"
EndProject
Global
	GlobalSection(SolutionConfigurationPlatforms) = preSolution
		Debug|Any CPU = Debug|Any CPU
		Release|Any CPU = Release|Any CPU
	EndGlobalSection
	GlobalSection(ProjectConfigurationPlatforms) = postSolution
		{FDBB00DF-4EDB-4D13-9815-CA197D5A3BF0}.Debug|Any CPU.ActiveCfg = Debug|Any CPU
		{FDBB00DF-4EDB-4D13-9815-CA197D5A3BF0}.Debug|Any CPU.Build.0 = Debug|Any CPU
		{FDBB00DF-4EDB-4D13-9815-CA197D5A3BF0}.Release|Any CPU.ActiveCfg = Release|Any CPU
		{FDBB00DF-4EDB-4D13-9815-CA197D5A3BF0}.Release|Any CPU.Build.0 = Release|Any CPU
		{A33554F2-2279-4B7C-816B-C1D1562B0B0F}.Debug|Any CPU.ActiveCfg = Debug|Any CPU
		{A33554F2-2279-4B7C-816B-C1D1562B0B0F}.Debug|Any CPU.Build.0 = Debug|Any CPU
		{A33554F2-2279-4B7C-816B-C1D1562B0B0F}.Release|Any CPU.ActiveCfg = Release|Any CPU
		{A33554F2-2279-4B7C-816B-C1D1562B0B0F}.Release|Any CPU.Build.0 = Release|Any CPU
	EndGlobalSection
	GlobalSection(SolutionProperties) = preSolution
		HideSolutionNode = FALSE
	EndGlobalSection
	GlobalSection(ExtensibilityGlobals) = postSolution
		SolutionGuid = {320A6C21-C13C-4EE4-8762-28645CC4B36D}
	EndGlobalSection
EndGlobal
